// !$*UTF8*$!
{
	archiveVersion = 1;
	classes = {
	};
	objectVersion = 46;
	objects = {

/* Begin PBXBuildFile section */
		A8F9BB581CCED0E200210ADC /* AppDelegate.swift in Sources */ = {isa = PBXBuildFile; fileRef = A8F9BB571CCED0E200210ADC /* AppDelegate.swift */; };
		A8F9BB5A1CCED0E200210ADC /* ViewController.swift in Sources */ = {isa = PBXBuildFile; fileRef = A8F9BB591CCED0E200210ADC /* ViewController.swift */; };
		A8F9BB5D1CCED0E200210ADC /* Main.storyboard in Resources */ = {isa = PBXBuildFile; fileRef = A8F9BB5B1CCED0E200210ADC /* Main.storyboard */; };
		A8F9BB5F1CCED0E200210ADC /* Assets.xcassets in Resources */ = {isa = PBXBuildFile; fileRef = A8F9BB5E1CCED0E200210ADC /* Assets.xcassets */; };
		A8F9BB621CCED0E200210ADC /* LaunchScreen.storyboard in Resources */ = {isa = PBXBuildFile; fileRef = A8F9BB601CCED0E200210ADC /* LaunchScreen.storyboard */; };
		A8F9BB6D1CCED0E300210ADC /* clickWarTests.swift in Sources */ = {isa = PBXBuildFile; fileRef = A8F9BB6C1CCED0E300210ADC /* clickWarTests.swift */; };
		A8F9BB781CCED0E300210ADC /* clickWarUITests.swift in Sources */ = {isa = PBXBuildFile; fileRef = A8F9BB771CCED0E300210ADC /* clickWarUITests.swift */; };
		A8F9BB941CCF172100210ADC /* Monster1_1.png in Resources */ = {isa = PBXBuildFile; fileRef = A8F9BB871CCF172100210ADC /* Monster1_1.png */; };
		A8F9BB951CCF172100210ADC /* Monster1_2.png in Resources */ = {isa = PBXBuildFile; fileRef = A8F9BB881CCF172100210ADC /* Monster1_2.png */; };
		A8F9BB961CCF172100210ADC /* Monster1_3.png in Resources */ = {isa = PBXBuildFile; fileRef = A8F9BB891CCF172100210ADC /* Monster1_3.png */; };
		A8F9BB971CCF172100210ADC /* Monster2_1.png in Resources */ = {isa = PBXBuildFile; fileRef = A8F9BB8A1CCF172100210ADC /* Monster2_1.png */; };
		A8F9BB981CCF172100210ADC /* Monster2_2.png in Resources */ = {isa = PBXBuildFile; fileRef = A8F9BB8B1CCF172100210ADC /* Monster2_2.png */; };
		A8F9BB991CCF172100210ADC /* Monster2_3.png in Resources */ = {isa = PBXBuildFile; fileRef = A8F9BB8C1CCF172100210ADC /* Monster2_3.png */; };
		A8F9BB9A1CCF172100210ADC /* pet_bird.png in Resources */ = {isa = PBXBuildFile; fileRef = A8F9BB8D1CCF172100210ADC /* pet_bird.png */; };
		A8F9BB9B1CCF172100210ADC /* pet_cat.png in Resources */ = {isa = PBXBuildFile; fileRef = A8F9BB8E1CCF172100210ADC /* pet_cat.png */; };
		A8F9BB9C1CCF172100210ADC /* pet_dog.png in Resources */ = {isa = PBXBuildFile; fileRef = A8F9BB8F1CCF172100210ADC /* pet_dog.png */; };
		A8F9BB9D1CCF172100210ADC /* user.png in Resources */ = {isa = PBXBuildFile; fileRef = A8F9BB901CCF172100210ADC /* user.png */; };
		A8F9BB9F1CCF172100210ADC /* weapon_stick.jpg in Resources */ = {isa = PBXBuildFile; fileRef = A8F9BB921CCF172100210ADC /* weapon_stick.jpg */; };
		A8F9BBA21CCF181800210ADC /* weapon_hand.png in Resources */ = {isa = PBXBuildFile; fileRef = A8F9BBA11CCF181800210ADC /* weapon_hand.png */; };
		A8F9BBA41CCF181F00210ADC /* weapon_sword.png in Resources */ = {isa = PBXBuildFile; fileRef = A8F9BBA31CCF181F00210ADC /* weapon_sword.png */; };
/* End PBXBuildFile section */

/* Begin PBXContainerItemProxy section */
		A8F9BB691CCED0E300210ADC /* PBXContainerItemProxy */ = {
			isa = PBXContainerItemProxy;
			containerPortal = A8F9BB4C1CCED0E200210ADC /* Project object */;
			proxyType = 1;
			remoteGlobalIDString = A8F9BB531CCED0E200210ADC;
			remoteInfo = clickWar;
		};
		A8F9BB741CCED0E300210ADC /* PBXContainerItemProxy */ = {
			isa = PBXContainerItemProxy;
			containerPortal = A8F9BB4C1CCED0E200210ADC /* Project object */;
			proxyType = 1;
			remoteGlobalIDString = A8F9BB531CCED0E200210ADC;
			remoteInfo = clickWar;
		};
/* End PBXContainerItemProxy section */

/* Begin PBXFileReference section */
		A8F9BB541CCED0E200210ADC /* clickWar.app */ = {isa = PBXFileReference; explicitFileType = wrapper.application; includeInIndex = 0; path = clickWar.app; sourceTree = BUILT_PRODUCTS_DIR; };
		A8F9BB571CCED0E200210ADC /* AppDelegate.swift */ = {isa = PBXFileReference; lastKnownFileType = sourcecode.swift; path = AppDelegate.swift; sourceTree = "<group>"; };
		A8F9BB591CCED0E200210ADC /* ViewController.swift */ = {isa = PBXFileReference; lastKnownFileType = sourcecode.swift; path = ViewController.swift; sourceTree = "<group>"; };
		A8F9BB5C1CCED0E200210ADC /* Base */ = {isa = PBXFileReference; lastKnownFileType = file.storyboard; name = Base; path = Base.lproj/Main.storyboard; sourceTree = "<group>"; };
		A8F9BB5E1CCED0E200210ADC /* Assets.xcassets */ = {isa = PBXFileReference; lastKnownFileType = folder.assetcatalog; path = Assets.xcassets; sourceTree = "<group>"; };
		A8F9BB611CCED0E200210ADC /* Base */ = {isa = PBXFileReference; lastKnownFileType = file.storyboard; name = Base; path = Base.lproj/LaunchScreen.storyboard; sourceTree = "<group>"; };
		A8F9BB631CCED0E200210ADC /* Info.plist */ = {isa = PBXFileReference; lastKnownFileType = text.plist.xml; path = Info.plist; sourceTree = "<group>"; };
		A8F9BB681CCED0E300210ADC /* clickWarTests.xctest */ = {isa = PBXFileReference; explicitFileType = wrapper.cfbundle; includeInIndex = 0; path = clickWarTests.xctest; sourceTree = BUILT_PRODUCTS_DIR; };
		A8F9BB6C1CCED0E300210ADC /* clickWarTests.swift */ = {isa = PBXFileReference; lastKnownFileType = sourcecode.swift; path = clickWarTests.swift; sourceTree = "<group>"; };
		A8F9BB6E1CCED0E300210ADC /* Info.plist */ = {isa = PBXFileReference; lastKnownFileType = text.plist.xml; path = Info.plist; sourceTree = "<group>"; };
		A8F9BB731CCED0E300210ADC /* clickWarUITests.xctest */ = {isa = PBXFileReference; explicitFileType = wrapper.cfbundle; includeInIndex = 0; path = clickWarUITests.xctest; sourceTree = BUILT_PRODUCTS_DIR; };
		A8F9BB771CCED0E300210ADC /* clickWarUITests.swift */ = {isa = PBXFileReference; lastKnownFileType = sourcecode.swift; path = clickWarUITests.swift; sourceTree = "<group>"; };
		A8F9BB791CCED0E300210ADC /* Info.plist */ = {isa = PBXFileReference; lastKnownFileType = text.plist.xml; path = Info.plist; sourceTree = "<group>"; };
		A8F9BB871CCF172100210ADC /* Monster1_1.png */ = {isa = PBXFileReference; lastKnownFileType = image.png; name = Monster1_1.png; path = Images/Monster1_1.png; sourceTree = "<group>"; };
		A8F9BB881CCF172100210ADC /* Monster1_2.png */ = {isa = PBXFileReference; lastKnownFileType = image.png; name = Monster1_2.png; path = Images/Monster1_2.png; sourceTree = "<group>"; };
		A8F9BB891CCF172100210ADC /* Monster1_3.png */ = {isa = PBXFileReference; lastKnownFileType = image.png; name = Monster1_3.png; path = Images/Monster1_3.png; sourceTree = "<group>"; };
		A8F9BB8A1CCF172100210ADC /* Monster2_1.png */ = {isa = PBXFileReference; lastKnownFileType = image.png; name = Monster2_1.png; path = Images/Monster2_1.png; sourceTree = "<group>"; };
		A8F9BB8B1CCF172100210ADC /* Monster2_2.png */ = {isa = PBXFileReference; lastKnownFileType = image.png; name = Monster2_2.png; path = Images/Monster2_2.png; sourceTree = "<group>"; };
		A8F9BB8C1CCF172100210ADC /* Monster2_3.png */ = {isa = PBXFileReference; lastKnownFileType = image.png; name = Monster2_3.png; path = Images/Monster2_3.png; sourceTree = "<group>"; };
		A8F9BB8D1CCF172100210ADC /* pet_bird.png */ = {isa = PBXFileReference; lastKnownFileType = image.png; name = pet_bird.png; path = Images/pet_bird.png; sourceTree = "<group>"; };
		A8F9BB8E1CCF172100210ADC /* pet_cat.png */ = {isa = PBXFileReference; lastKnownFileType = image.png; name = pet_cat.png; path = Images/pet_cat.png; sourceTree = "<group>"; };
		A8F9BB8F1CCF172100210ADC /* pet_dog.png */ = {isa = PBXFileReference; lastKnownFileType = image.png; name = pet_dog.png; path = Images/pet_dog.png; sourceTree = "<group>"; };
		A8F9BB901CCF172100210ADC /* user.png */ = {isa = PBXFileReference; lastKnownFileType = image.png; name = user.png; path = Images/user.png; sourceTree = "<group>"; };
		A8F9BB921CCF172100210ADC /* weapon_stick.jpg */ = {isa = PBXFileReference; lastKnownFileType = image.jpeg; name = weapon_stick.jpg; path = Images/weapon_stick.jpg; sourceTree = "<group>"; };
		A8F9BBA11CCF181800210ADC /* weapon_hand.png */ = {isa = PBXFileReference; lastKnownFileType = image.png; name = weapon_hand.png; path = ../../../Downloads/weapon_hand.png; sourceTree = "<group>"; };
		A8F9BBA31CCF181F00210ADC /* weapon_sword.png */ = {isa = PBXFileReference; lastKnownFileType = image.png; name = weapon_sword.png; path = ../../../Downloads/weapon_sword.png; sourceTree = "<group>"; };
/* End PBXFileReference section */

/* Begin PBXFrameworksBuildPhase section */
		A8F9BB511CCED0E200210ADC /* Frameworks */ = {
			isa = PBXFrameworksBuildPhase;
			buildActionMask = 2147483647;
			files = (
			);
			runOnlyForDeploymentPostprocessing = 0;
		};
		A8F9BB651CCED0E300210ADC /* Frameworks */ = {
			isa = PBXFrameworksBuildPhase;
			buildActionMask = 2147483647;
			files = (
			);
			runOnlyForDeploymentPostprocessing = 0;
		};
		A8F9BB701CCED0E300210ADC /* Frameworks */ = {
			isa = PBXFrameworksBuildPhase;
			buildActionMask = 2147483647;
			files = (
			);
			runOnlyForDeploymentPostprocessing = 0;
		};
/* End PBXFrameworksBuildPhase section */

/* Begin PBXGroup section */
		A8F9BB4B1CCED0E200210ADC = {
			isa = PBXGroup;
			children = (
				A8F9BB561CCED0E200210ADC /* clickWar */,
				A8F9BB6B1CCED0E300210ADC /* clickWarTests */,
				A8F9BB761CCED0E300210ADC /* clickWarUITests */,
				A8F9BB551CCED0E200210ADC /* Products */,
				A8F9BB871CCF172100210ADC /* Monster1_1.png */,
				A8F9BB881CCF172100210ADC /* Monster1_2.png */,
				A8F9BB891CCF172100210ADC /* Monster1_3.png */,
				A8F9BB8A1CCF172100210ADC /* Monster2_1.png */,
				A8F9BB8B1CCF172100210ADC /* Monster2_2.png */,
				A8F9BB8C1CCF172100210ADC /* Monster2_3.png */,
				A8F9BB8D1CCF172100210ADC /* pet_bird.png */,
				A8F9BB8E1CCF172100210ADC /* pet_cat.png */,
				A8F9BB8F1CCF172100210ADC /* pet_dog.png */,
				A8F9BB901CCF172100210ADC /* user.png */,
				A8F9BB921CCF172100210ADC /* weapon_stick.jpg */,
				A8F9BBA11CCF181800210ADC /* weapon_hand.png */,
				A8F9BBA31CCF181F00210ADC /* weapon_sword.png */,
			);
			sourceTree = "<group>";
		};
		A8F9BB551CCED0E200210ADC /* Products */ = {
			isa = PBXGroup;
			children = (
				A8F9BB541CCED0E200210ADC /* clickWar.app */,
				A8F9BB681CCED0E300210ADC /* clickWarTests.xctest */,
				A8F9BB731CCED0E300210ADC /* clickWarUITests.xctest */,
			);
			name = Products;
			sourceTree = "<group>";
		};
		A8F9BB561CCED0E200210ADC /* clickWar */ = {
			isa = PBXGroup;
			children = (
				A8F9BB571CCED0E200210ADC /* AppDelegate.swift */,
				A8F9BB591CCED0E200210ADC /* ViewController.swift */,
				A8F9BB5B1CCED0E200210ADC /* Main.storyboard */,
				A8F9BB5E1CCED0E200210ADC /* Assets.xcassets */,
				A8F9BB601CCED0E200210ADC /* LaunchScreen.storyboard */,
				A8F9BB631CCED0E200210ADC /* Info.plist */,
			);
			path = clickWar;
			sourceTree = "<group>";
		};
		A8F9BB6B1CCED0E300210ADC /* clickWarTests */ = {
			isa = PBXGroup;
			children = (
				A8F9BB6C1CCED0E300210ADC /* clickWarTests.swift */,
				A8F9BB6E1CCED0E300210ADC /* Info.plist */,
			);
			path = clickWarTests;
			sourceTree = "<group>";
		};
		A8F9BB761CCED0E300210ADC /* clickWarUITests */ = {
			isa = PBXGroup;
			children = (
				A8F9BB771CCED0E300210ADC /* clickWarUITests.swift */,
				A8F9BB791CCED0E300210ADC /* Info.plist */,
			);
			path = clickWarUITests;
			sourceTree = "<group>";
		};
/* End PBXGroup section */

/* Begin PBXNativeTarget section */
		A8F9BB531CCED0E200210ADC /* clickWar */ = {
			isa = PBXNativeTarget;
			buildConfigurationList = A8F9BB7C1CCED0E300210ADC /* Build configuration list for PBXNativeTarget "clickWar" */;
			buildPhases = (
				A8F9BB501CCED0E200210ADC /* Sources */,
				A8F9BB511CCED0E200210ADC /* Frameworks */,
				A8F9BB521CCED0E200210ADC /* Resources */,
			);
			buildRules = (
			);
			dependencies = (
			);
			name = clickWar;
			productName = clickWar;
			productReference = A8F9BB541CCED0E200210ADC /* clickWar.app */;
			productType = "com.apple.product-type.application";
		};
		A8F9BB671CCED0E300210ADC /* clickWarTests */ = {
			isa = PBXNativeTarget;
			buildConfigurationList = A8F9BB7F1CCED0E300210ADC /* Build configuration list for PBXNativeTarget "clickWarTests" */;
			buildPhases = (
				A8F9BB641CCED0E300210ADC /* Sources */,
				A8F9BB651CCED0E300210ADC /* Frameworks */,
				A8F9BB661CCED0E300210ADC /* Resources */,
			);
			buildRules = (
			);
			dependencies = (
				A8F9BB6A1CCED0E300210ADC /* PBXTargetDependency */,
			);
			name = clickWarTests;
			productName = clickWarTests;
			productReference = A8F9BB681CCED0E300210ADC /* clickWarTests.xctest */;
			productType = "com.apple.product-type.bundle.unit-test";
		};
		A8F9BB721CCED0E300210ADC /* clickWarUITests */ = {
			isa = PBXNativeTarget;
			buildConfigurationList = A8F9BB821CCED0E300210ADC /* Build configuration list for PBXNativeTarget "clickWarUITests" */;
			buildPhases = (
				A8F9BB6F1CCED0E300210ADC /* Sources */,
				A8F9BB701CCED0E300210ADC /* Frameworks */,
				A8F9BB711CCED0E300210ADC /* Resources */,
			);
			buildRules = (
			);
			dependencies = (
				A8F9BB751CCED0E300210ADC /* PBXTargetDependency */,
			);
			name = clickWarUITests;
			productName = clickWarUITests;
			productReference = A8F9BB731CCED0E300210ADC /* clickWarUITests.xctest */;
			productType = "com.apple.product-type.bundle.ui-testing";
		};
/* End PBXNativeTarget section */

/* Begin PBXProject section */
		A8F9BB4C1CCED0E200210ADC /* Project object */ = {
			isa = PBXProject;
			attributes = {
				LastSwiftUpdateCheck = 0730;
				LastUpgradeCheck = 0730;
				ORGANIZATIONNAME = "Emilie Gao, Kevin Lu";
				TargetAttributes = {
					A8F9BB531CCED0E200210ADC = {
						CreatedOnToolsVersion = 7.3;
						DevelopmentTeam = QCLZ2S93JU;
					};
					A8F9BB671CCED0E300210ADC = {
						CreatedOnToolsVersion = 7.3;
						DevelopmentTeam = QCLZ2S93JU;
						TestTargetID = A8F9BB531CCED0E200210ADC;
					};
					A8F9BB721CCED0E300210ADC = {
						CreatedOnToolsVersion = 7.3;
						DevelopmentTeam = QCLZ2S93JU;
						TestTargetID = A8F9BB531CCED0E200210ADC;
					};
				};
			};
			buildConfigurationList = A8F9BB4F1CCED0E200210ADC /* Build configuration list for PBXProject "clickWar" */;
			compatibilityVersion = "Xcode 3.2";
			developmentRegion = English;
			hasScannedForEncodings = 0;
			knownRegions = (
				en,
				Base,
			);
			mainGroup = A8F9BB4B1CCED0E200210ADC;
			productRefGroup = A8F9BB551CCED0E200210ADC /* Products */;
			projectDirPath = "";
			projectRoot = "";
			targets = (
				A8F9BB531CCED0E200210ADC /* clickWar */,
				A8F9BB671CCED0E300210ADC /* clickWarTests */,
				A8F9BB721CCED0E300210ADC /* clickWarUITests */,
			);
		};
/* End PBXProject section */

/* Begin PBXResourcesBuildPhase section */
		A8F9BB521CCED0E200210ADC /* Resources */ = {
			isa = PBXResourcesBuildPhase;
			buildActionMask = 2147483647;
			files = (
				A8F9BB621CCED0E200210ADC /* LaunchScreen.storyboard in Resources */,
				A8F9BB961CCF172100210ADC /* Monster1_3.png in Resources */,
				A8F9BB981CCF172100210ADC /* Monster2_2.png in Resources */,
				A8F9BB9D1CCF172100210ADC /* user.png in Resources */,
				A8F9BB971CCF172100210ADC /* Monster2_1.png in Resources */,
				A8F9BB9F1CCF172100210ADC /* weapon_stick.jpg in Resources */,
				A8F9BB5F1CCED0E200210ADC /* Assets.xcassets in Resources */,
				A8F9BB9B1CCF172100210ADC /* pet_cat.png in Resources */,
				A8F9BB9C1CCF172100210ADC /* pet_dog.png in Resources */,
				A8F9BB9A1CCF172100210ADC /* pet_bird.png in Resources */,
				A8F9BB951CCF172100210ADC /* Monster1_2.png in Resources */,
				A8F9BB5D1CCED0E200210ADC /* Main.storyboard in Resources */,
				A8F9BB941CCF172100210ADC /* Monster1_1.png in Resources */,
				A8F9BBA21CCF181800210ADC /* weapon_hand.png in Resources */,
				A8F9BBA41CCF181F00210ADC /* weapon_sword.png in Resources */,
				A8F9BB991CCF172100210ADC /* Monster2_3.png in Resources */,
			);
			runOnlyForDeploymentPostprocessing = 0;
		};
		A8F9BB661CCED0E300210ADC /* Resources */ = {
			isa = PBXResourcesBuildPhase;
			buildActionMask = 2147483647;
			files = (
			);
			runOnlyForDeploymentPostprocessing = 0;
		};
		A8F9BB711CCED0E300210ADC /* Resources */ = {
			isa = PBXResourcesBuildPhase;
			buildActionMask = 2147483647;
			files = (
			);
			runOnlyForDeploymentPostprocessing = 0;
		};
/* End PBXResourcesBuildPhase section */

/* Begin PBXSourcesBuildPhase section */
		A8F9BB501CCED0E200210ADC /* Sources */ = {
			isa = PBXSourcesBuildPhase;
			buildActionMask = 2147483647;
			files = (
				A8F9BB5A1CCED0E200210ADC /* ViewController.swift in Sources */,
				A8F9BB581CCED0E200210ADC /* AppDelegate.swift in Sources */,
			);
			runOnlyForDeploymentPostprocessing = 0;
		};
		A8F9BB641CCED0E300210ADC /* Sources */ = {
			isa = PBXSourcesBuildPhase;
			buildActionMask = 2147483647;
			files = (
				A8F9BB6D1CCED0E300210ADC /* clickWarTests.swift in Sources */,
			);
			runOnlyForDeploymentPostprocessing = 0;
		};
		A8F9BB6F1CCED0E300210ADC /* Sources */ = {
			isa = PBXSourcesBuildPhase;
			buildActionMask = 2147483647;
			files = (
				A8F9BB781CCED0E300210ADC /* clickWarUITests.swift in Sources */,
			);
			runOnlyForDeploymentPostprocessing = 0;
		};
/* End PBXSourcesBuildPhase section */

/* Begin PBXTargetDependency section */
		A8F9BB6A1CCED0E300210ADC /* PBXTargetDependency */ = {
			isa = PBXTargetDependency;
			target = A8F9BB531CCED0E200210ADC /* clickWar */;
			targetProxy = A8F9BB691CCED0E300210ADC /* PBXContainerItemProxy */;
		};
		A8F9BB751CCED0E300210ADC /* PBXTargetDependency */ = {
			isa = PBXTargetDependency;
			target = A8F9BB531CCED0E200210ADC /* clickWar */;
			targetProxy = A8F9BB741CCED0E300210ADC /* PBXContainerItemProxy */;
		};
/* End PBXTargetDependency section */

/* Begin PBXVariantGroup section */
		A8F9BB5B1CCED0E200210ADC /* Main.storyboard */ = {
			isa = PBXVariantGroup;
			children = (
				A8F9BB5C1CCED0E200210ADC /* Base */,
			);
			name = Main.storyboard;
			sourceTree = "<group>";
		};
		A8F9BB601CCED0E200210ADC /* LaunchScreen.storyboard */ = {
			isa = PBXVariantGroup;
			children = (
				A8F9BB611CCED0E200210ADC /* Base */,
			);
			name = LaunchScreen.storyboard;
			sourceTree = "<group>";
		};
/* End PBXVariantGroup section */

/* Begin XCBuildConfiguration section */
		A8F9BB7A1CCED0E300210ADC /* Debug */ = {
			isa = XCBuildConfiguration;
			buildSettings = {
				ALWAYS_SEARCH_USER_PATHS = NO;
				CLANG_ANALYZER_NONNULL = YES;
				CLANG_CXX_LANGUAGE_STANDARD = "gnu++0x";
				CLANG_CXX_LIBRARY = "libc++";
				CLANG_ENABLE_MODULES = YES;
				CLANG_ENABLE_OBJC_ARC = YES;
				CLANG_WARN_BOOL_CONVERSION = YES;
				CLANG_WARN_CONSTANT_CONVERSION = YES;
				CLANG_WARN_DIRECT_OBJC_ISA_USAGE = YES_ERROR;
				CLANG_WARN_EMPTY_BODY = YES;
				CLANG_WARN_ENUM_CONVERSION = YES;
				CLANG_WARN_INT_CONVERSION = YES;
				CLANG_WARN_OBJC_ROOT_CLASS = YES_ERROR;
				CLANG_WARN_UNREACHABLE_CODE = YES;
				CLANG_WARN__DUPLICATE_METHOD_MATCH = YES;
				"CODE_SIGN_IDENTITY[sdk=iphoneos*]" = "iPhone Developer";
				COPY_PHASE_STRIP = NO;
				DEBUG_INFORMATION_FORMAT = dwarf;
				ENABLE_STRICT_OBJC_MSGSEND = YES;
				ENABLE_TESTABILITY = YES;
				GCC_C_LANGUAGE_STANDARD = gnu99;
				GCC_DYNAMIC_NO_PIC = NO;
				GCC_NO_COMMON_BLOCKS = YES;
				GCC_OPTIMIZATION_LEVEL = 0;
				GCC_PREPROCESSOR_DEFINITIONS = (
					"DEBUG=1",
					"$(inherited)",
				);
				GCC_WARN_64_TO_32_BIT_CONVERSION = YES;
				GCC_WARN_ABOUT_RETURN_TYPE = YES_ERROR;
				GCC_WARN_UNDECLARED_SELECTOR = YES;
				GCC_WARN_UNINITIALIZED_AUTOS = YES_AGGRESSIVE;
				GCC_WARN_UNUSED_FUNCTION = YES;
				GCC_WARN_UNUSED_VARIABLE = YES;
				IPHONEOS_DEPLOYMENT_TARGET = 9.3;
				MTL_ENABLE_DEBUG_INFO = YES;
				ONLY_ACTIVE_ARCH = YES;
				SDKROOT = iphoneos;
				SWIFT_OPTIMIZATION_LEVEL = "-Onone";
				TARGETED_DEVICE_FAMILY = "1,2";
			};
			name = Debug;
		};
		A8F9BB7B1CCED0E300210ADC /* Release */ = {
			isa = XCBuildConfiguration;
			buildSettings = {
				ALWAYS_SEARCH_USER_PATHS = NO;
				CLANG_ANALYZER_NONNULL = YES;
				CLANG_CXX_LANGUAGE_STANDARD = "gnu++0x";
				CLANG_CXX_LIBRARY = "libc++";
				CLANG_ENABLE_MODULES = YES;
				CLANG_ENABLE_OBJC_ARC = YES;
				CLANG_WARN_BOOL_CONVERSION = YES;
				CLANG_WARN_CONSTANT_CONVERSION = YES;
				CLANG_WARN_DIRECT_OBJC_ISA_USAGE = YES_ERROR;
				CLANG_WARN_EMPTY_BODY = YES;
				CLANG_WARN_ENUM_CONVERSION = YES;
				CLANG_WARN_INT_CONVERSION = YES;
				CLANG_WARN_OBJC_ROOT_CLASS = YES_ERROR;
				CLANG_WARN_UNREACHABLE_CODE = YES;
				CLANG_WARN__DUPLICATE_METHOD_MATCH = YES;
				"CODE_SIGN_IDENTITY[sdk=iphoneos*]" = "iPhone Developer";
				COPY_PHASE_STRIP = NO;
				DEBUG_INFORMATION_FORMAT = "dwarf-with-dsym";
				ENABLE_NS_ASSERTIONS = NO;
				ENABLE_STRICT_OBJC_MSGSEND = YES;
				GCC_C_LANGUAGE_STANDARD = gnu99;
				GCC_NO_COMMON_BLOCKS = YES;
				GCC_WARN_64_TO_32_BIT_CONVERSION = YES;
				GCC_WARN_ABOUT_RETURN_TYPE = YES_ERROR;
				GCC_WARN_UNDECLARED_SELECTOR = YES;
				GCC_WARN_UNINITIALIZED_AUTOS = YES_AGGRESSIVE;
				GCC_WARN_UNUSED_FUNCTION = YES;
				GCC_WARN_UNUSED_VARIABLE = YES;
				IPHONEOS_DEPLOYMENT_TARGET = 9.3;
				MTL_ENABLE_DEBUG_INFO = NO;
				SDKROOT = iphoneos;
				TARGETED_DEVICE_FAMILY = "1,2";
				VALIDATE_PRODUCT = YES;
			};
			name = Release;
		};
		A8F9BB7D1CCED0E300210ADC /* Debug */ = {
			isa = XCBuildConfiguration;
			buildSettings = {
				ASSETCATALOG_COMPILER_APPICON_NAME = AppIcon;
				INFOPLIST_FILE = clickWar/Info.plist;
				LD_RUNPATH_SEARCH_PATHS = "$(inherited) @executable_path/Frameworks";
				PRODUCT_BUNDLE_IDENTIFIER = iOSDecal.clickWar;
				PRODUCT_NAME = "$(TARGET_NAME)";
			};
			name = Debug;
		};
		A8F9BB7E1CCED0E300210ADC /* Release */ = {
			isa = XCBuildConfiguration;
			buildSettings = {
				ASSETCATALOG_COMPILER_APPICON_NAME = AppIcon;
				INFOPLIST_FILE = clickWar/Info.plist;
				LD_RUNPATH_SEARCH_PATHS = "$(inherited) @executable_path/Frameworks";
				PRODUCT_BUNDLE_IDENTIFIER = iOSDecal.clickWar;
				PRODUCT_NAME = "$(TARGET_NAME)";
			};
			name = Release;
		};
		A8F9BB801CCED0E300210ADC /* Debug */ = {
			isa = XCBuildConfiguration;
			buildSettings = {
				BUNDLE_LOADER = "$(TEST_HOST)";
				INFOPLIST_FILE = clickWarTests/Info.plist;
				LD_RUNPATH_SEARCH_PATHS = "$(inherited) @executable_path/Frameworks @loader_path/Frameworks";
				PRODUCT_BUNDLE_IDENTIFIER = iOSDecal.clickWarTests;
				PRODUCT_NAME = "$(TARGET_NAME)";
				TEST_HOST = "$(BUILT_PRODUCTS_DIR)/clickWar.app/clickWar";
			};
			name = Debug;
		};
		A8F9BB811CCED0E300210ADC /* Release */ = {
			isa = XCBuildConfiguration;
			buildSettings = {
				BUNDLE_LOADER = "$(TEST_HOST)";
				INFOPLIST_FILE = clickWarTests/Info.plist;
				LD_RUNPATH_SEARCH_PATHS = "$(inherited) @executable_path/Frameworks @loader_path/Frameworks";
				PRODUCT_BUNDLE_IDENTIFIER = iOSDecal.clickWarTests;
				PRODUCT_NAME = "$(TARGET_NAME)";
				TEST_HOST = "$(BUILT_PRODUCTS_DIR)/clickWar.app/clickWar";
			};
			name = Release;
		};
		A8F9BB831CCED0E300210ADC /* Debug */ = {
			isa = XCBuildConfiguration;
			buildSettings = {
				INFOPLIST_FILE = clickWarUITests/Info.plist;
				LD_RUNPATH_SEARCH_PATHS = "$(inherited) @executable_path/Frameworks @loader_path/Frameworks";
				PRODUCT_BUNDLE_IDENTIFIER = iOSDecal.clickWarUITests;
				PRODUCT_NAME = "$(TARGET_NAME)";
				TEST_TARGET_NAME = clickWar;
			};
			name = Debug;
		};
		A8F9BB841CCED0E300210ADC /* Release */ = {
			isa = XCBuildConfiguration;
			buildSettings = {
				INFOPLIST_FILE = clickWarUITests/Info.plist;
				LD_RUNPATH_SEARCH_PATHS = "$(inherited) @executable_path/Frameworks @loader_path/Frameworks";
				PRODUCT_BUNDLE_IDENTIFIER = iOSDecal.clickWarUITests;
				PRODUCT_NAME = "$(TARGET_NAME)";
				TEST_TARGET_NAME = clickWar;
			};
			name = Release;
		};
/* End XCBuildConfiguration section */

/* Begin XCConfigurationList section */
		A8F9BB4F1CCED0E200210ADC /* Build configuration list for PBXProject "clickWar" */ = {
			isa = XCConfigurationList;
			buildConfigurations = (
				A8F9BB7A1CCED0E300210ADC /* Debug */,
				A8F9BB7B1CCED0E300210ADC /* Release */,
			);
			defaultConfigurationIsVisible = 0;
			defaultConfigurationName = Release;
		};
		A8F9BB7C1CCED0E300210ADC /* Build configuration list for PBXNativeTarget "clickWar" */ = {
			isa = XCConfigurationList;
			buildConfigurations = (
				A8F9BB7D1CCED0E300210ADC /* Debug */,
				A8F9BB7E1CCED0E300210ADC /* Release */,
			);
			defaultConfigurationIsVisible = 0;
			defaultConfigurationName = Release;
		};
		A8F9BB7F1CCED0E300210ADC /* Build configuration list for PBXNativeTarget "clickWarTests" */ = {
			isa = XCConfigurationList;
			buildConfigurations = (
				A8F9BB801CCED0E300210ADC /* Debug */,
				A8F9BB811CCED0E300210ADC /* Release */,
			);
			defaultConfigurationIsVisible = 0;
			defaultConfigurationName = Release;
		};
		A8F9BB821CCED0E300210ADC /* Build configuration list for PBXNativeTarget "clickWarUITests" */ = {
			isa = XCConfigurationList;
			buildConfigurations = (
				A8F9BB831CCED0E300210ADC /* Debug */,
				A8F9BB841CCED0E300210ADC /* Release */,
			);
			defaultConfigurationIsVisible = 0;
			defaultConfigurationName = Release;
		};
/* End XCConfigurationList section */
	};
	rootObject = A8F9BB4C1CCED0E200210ADC /* Project object */;
}
